
Microsoft Visual Studio Solution File, Format Version 12.00
# Visual Studio Version 16
VisualStudioVersion = 16.0.31702.278
MinimumVisualStudioVersion = 10.0.40219.1
Project("{FAE04EC0-301F-11D3-BF4B-00C04F79EFBC}") = "WORK_TEST", "WORK_TEST\WORK_TEST.csproj", "{9CA4F3C0-54AC-443B-A3A1-940DC02F1540}"
EndProject
Global
	GlobalSection(SolutionConfigurationPlatforms) = preSolution
		Debug|Any CPU = Debug|Any CPU
		Release|Any CPU = Release|Any CPU
	EndGlobalSection
	GlobalSection(ProjectConfigurationPlatforms) = postSolution
		{9CA4F3C0-54AC-443B-A3A1-940DC02F1540}.Debug|Any CPU.ActiveCfg = Debug|Any CPU
		{9CA4F3C0-54AC-443B-A3A1-940DC02F1540}.Debug|Any CPU.Build.0 = Debug|Any CPU
		{9CA4F3C0-54AC-443B-A3A1-940DC02F1540}.Release|Any CPU.ActiveCfg = Release|Any CPU
		{9CA4F3C0-54AC-443B-A3A1-940DC02F1540}.Release|Any CPU.Build.0 = Release|Any CPU
	EndGlobalSection
	GlobalSection(SolutionProperties) = preSolution
		HideSolutionNode = FALSE
	EndGlobalSection
	GlobalSection(ExtensibilityGlobals) = postSolution
		SolutionGuid = {E6470EE1-A928-4B22-99A5-62F66CDAE2FA}
	EndGlobalSection
EndGlobal
